
Microsoft Visual Studio Solution File, Format Version 12.00
# Visual Studio Version 17
VisualStudioVersion = 17.0.32112.339
MinimumVisualStudioVersion = 10.0.40219.1
Project("{8BC9CEB8-8B4A-11D0-8D11-00A0C91BC942}") = "ogl", "ogl.vcxproj", "{FEE95CB2-CBDB-4114-8C94-80941A8DB61B}"
EndProject
Project("{8BC9CEB8-8B4A-11D0-8D11-00A0C91BC942}") = "glfw", "..\..\glfw\config\src\glfw.vcxproj", "{8FB23769-990F-3014-9D36-CD40B93CF151}"
EndProject
Project("{8BC9CEB8-8B4A-11D0-8D11-00A0C91BC942}") = "allocator", "..\..\types\modules\allocator\cfg\allocator.vcxproj", "{98D6AE72-22F4-4498-ACE5-21AD0B4ABF0A}"
EndProject
Project("{8BC9CEB8-8B4A-11D0-8D11-00A0C91BC942}") = "common", "..\..\types\modules\common\cfg\common.vcxproj", "{1500663A-E20C-4AB8-B3AA-78A2CAE43D86}"
EndProject
Project("{8BC9CEB8-8B4A-11D0-8D11-00A0C91BC942}") = "container", "..\..\types\modules\container\cfg\container.vcxproj", "{FFDD1C2C-9699-44B5-825C-E56EB6274546}"
EndProject
Project("{8BC9CEB8-8B4A-11D0-8D11-00A0C91BC942}") = "osystem", "..\..\types\modules\osystem\cfg\os.vcxproj", "{7EA2E75D-25EC-482F-B57D-BA08E085E1CF}"
EndProject
Project("{8BC9CEB8-8B4A-11D0-8D11-00A0C91BC942}") = "string", "..\..\types\modules\string\cfg\string.vcxproj", "{3DEC959D-9484-4BB6-819C-2A8074EA3600}"
EndProject
Project("{2150E333-8FDC-42A3-9474-1A3956D46DE8}") = "types", "types", "{73F11ACD-E15E-4DB5-B3DD-4A67AF1919F8}"
EndProject
Project("{2150E333-8FDC-42A3-9474-1A3956D46DE8}") = "backends", "backends", "{0D5AEA70-2708-49A3-A161-1AE804CCAC25}"
EndProject
Project("{8BC9CEB8-8B4A-11D0-8D11-00A0C91BC942}") = "glew_static", "..\..\glew\build\vc12\glew_static.vcxproj", "{664E6F0D-6784-4760-9565-D54F8EB1EDF4}"
EndProject
Project("{8BC9CEB8-8B4A-11D0-8D11-00A0C91BC942}") = "glew_shared", "..\..\glew\build\vc12\glew_shared.vcxproj", "{55AE3D72-7DE6-F19F-AEF2-9AE8CA26CF3D}"
EndProject
Project("{8BC9CEB8-8B4A-11D0-8D11-00A0C91BC942}") = "glewinfo", "..\..\glew\build\vc12\glewinfo.vcxproj", "{8EFB5DCB-C0C4-1670-5938-A0E0F1A1C5EA}"
EndProject
Project("{8BC9CEB8-8B4A-11D0-8D11-00A0C91BC942}") = "visualinfo", "..\..\glew\build\vc12\visualinfo.vcxproj", "{79AA8443-86F4-649A-0BEB-0CB5E51B7D7E}"
EndProject
Project("{2150E333-8FDC-42A3-9474-1A3956D46DE8}") = "ext", "ext", "{1493282B-E6C9-4E50-9B71-49C90D07C148}"
EndProject
Project("{8BC9CEB8-8B4A-11D0-8D11-00A0C91BC942}") = "soil_static", "..\..\soil\config\soil_static.vcxproj", "{5B129A8B-38B4-4C86-A997-3D788809C08F}"
EndProject
Project("{8BC9CEB8-8B4A-11D0-8D11-00A0C91BC942}") = "lunasvg_static", "..\..\lunasvg\config\lunasvg_static.vcxproj", "{4FEB32B5-CD61-4D66-93E7-473DA0FC5EC5}"
EndProject
Project("{8BC9CEB8-8B4A-11D0-8D11-00A0C91BC942}") = "imgui", "..\..\imgui-vs\amgui\amgui.vcxproj", "{6E225D12-1C66-4A38-BEE5-71C4DBEC0521}"
EndProject
Project("{8BC9CEB8-8B4A-11D0-8D11-00A0C91BC942}") = "nanogui_static", "..\..\nanogui\vs\nanovg_static.vcxproj", "{4B6805C4-25C2-43D2-8E5D-DDB426F75F8A}"
EndProject
Global
	GlobalSection(SolutionConfigurationPlatforms) = preSolution
		Debug|x64 = Debug|x64
		Debug|x86 = Debug|x86
		MinSizeRel|x64 = MinSizeRel|x64
		MinSizeRel|x86 = MinSizeRel|x86
		Release|x64 = Release|x64
		Release|x86 = Release|x86
		Release-expl|x64 = Release-expl|x64
		Release-expl|x86 = Release-expl|x86
		RelWithDebInfo|x64 = RelWithDebInfo|x64
		RelWithDebInfo|x86 = RelWithDebInfo|x86
	EndGlobalSection
	GlobalSection(ProjectConfigurationPlatforms) = postSolution
		{FEE95CB2-CBDB-4114-8C94-80941A8DB61B}.Debug|x64.ActiveCfg = Debug|x64
		{FEE95CB2-CBDB-4114-8C94-80941A8DB61B}.Debug|x64.Build.0 = Debug|x64
		{FEE95CB2-CBDB-4114-8C94-80941A8DB61B}.Debug|x86.ActiveCfg = Debug|Win32
		{FEE95CB2-CBDB-4114-8C94-80941A8DB61B}.Debug|x86.Build.0 = Debug|Win32
		{FEE95CB2-CBDB-4114-8C94-80941A8DB61B}.MinSizeRel|x64.ActiveCfg = Release-expl|x64
		{FEE95CB2-CBDB-4114-8C94-80941A8DB61B}.MinSizeRel|x64.Build.0 = Release-expl|x64
		{FEE95CB2-CBDB-4114-8C94-80941A8DB61B}.MinSizeRel|x86.ActiveCfg = Debug|Win32
		{FEE95CB2-CBDB-4114-8C94-80941A8DB61B}.MinSizeRel|x86.Build.0 = Debug|Win32
		{FEE95CB2-CBDB-4114-8C94-80941A8DB61B}.Release|x64.ActiveCfg = Release|x64
		{FEE95CB2-CBDB-4114-8C94-80941A8DB61B}.Release|x64.Build.0 = Release|x64
		{FEE95CB2-CBDB-4114-8C94-80941A8DB61B}.Release|x86.ActiveCfg = Release|Win32
		{FEE95CB2-CBDB-4114-8C94-80941A8DB61B}.Release|x86.Build.0 = Release|Win32
		{FEE95CB2-CBDB-4114-8C94-80941A8DB61B}.Release-expl|x64.ActiveCfg = Release-expl|x64
		{FEE95CB2-CBDB-4114-8C94-80941A8DB61B}.Release-expl|x64.Build.0 = Release-expl|x64
		{FEE95CB2-CBDB-4114-8C94-80941A8DB61B}.Release-expl|x86.ActiveCfg = Release-expl|Win32
		{FEE95CB2-CBDB-4114-8C94-80941A8DB61B}.Release-expl|x86.Build.0 = Release-expl|Win32
		{FEE95CB2-CBDB-4114-8C94-80941A8DB61B}.RelWithDebInfo|x64.ActiveCfg = Release-expl|x64
		{FEE95CB2-CBDB-4114-8C94-80941A8DB61B}.RelWithDebInfo|x64.Build.0 = Release-expl|x64
		{FEE95CB2-CBDB-4114-8C94-80941A8DB61B}.RelWithDebInfo|x86.ActiveCfg = Release-expl|Win32
		{FEE95CB2-CBDB-4114-8C94-80941A8DB61B}.RelWithDebInfo|x86.Build.0 = Release-expl|Win32
		{8FB23769-990F-3014-9D36-CD40B93CF151}.Debug|x64.ActiveCfg = Debug|x64
		{8FB23769-990F-3014-9D36-CD40B93CF151}.Debug|x64.Build.0 = Debug|x64
		{8FB23769-990F-3014-9D36-CD40B93CF151}.Debug|x86.ActiveCfg = Debug|x64
		{8FB23769-990F-3014-9D36-CD40B93CF151}.Debug|x86.Build.0 = Debug|x64
		{8FB23769-990F-3014-9D36-CD40B93CF151}.MinSizeRel|x64.ActiveCfg = MinSizeRel|x64
		{8FB23769-990F-3014-9D36-CD40B93CF151}.MinSizeRel|x64.Build.0 = MinSizeRel|x64
		{8FB23769-990F-3014-9D36-CD40B93CF151}.MinSizeRel|x86.ActiveCfg = MinSizeRel|x64
		{8FB23769-990F-3014-9D36-CD40B93CF151}.MinSizeRel|x86.Build.0 = MinSizeRel|x64
		{8FB23769-990F-3014-9D36-CD40B93CF151}.Release|x64.ActiveCfg = Release|x64
		{8FB23769-990F-3014-9D36-CD40B93CF151}.Release|x64.Build.0 = Release|x64
		{8FB23769-990F-3014-9D36-CD40B93CF151}.Release|x86.ActiveCfg = Release|x64
		{8FB23769-990F-3014-9D36-CD40B93CF151}.Release|x86.Build.0 = Release|x64
		{8FB23769-990F-3014-9D36-CD40B93CF151}.Release-expl|x64.ActiveCfg = Release|x64
		{8FB23769-990F-3014-9D36-CD40B93CF151}.Release-expl|x64.Build.0 = Release|x64
		{8FB23769-990F-3014-9D36-CD40B93CF151}.Release-expl|x86.ActiveCfg = RelWithDebInfo|x64
		{8FB23769-990F-3014-9D36-CD40B93CF151}.Release-expl|x86.Build.0 = RelWithDebInfo|x64
		{8FB23769-990F-3014-9D36-CD40B93CF151}.RelWithDebInfo|x64.ActiveCfg = RelWithDebInfo|x64
		{8FB23769-990F-3014-9D36-CD40B93CF151}.RelWithDebInfo|x64.Build.0 = RelWithDebInfo|x64
		{8FB23769-990F-3014-9D36-CD40B93CF151}.RelWithDebInfo|x86.ActiveCfg = RelWithDebInfo|x64
		{8FB23769-990F-3014-9D36-CD40B93CF151}.RelWithDebInfo|x86.Build.0 = RelWithDebInfo|x64
		{98D6AE72-22F4-4498-ACE5-21AD0B4ABF0A}.Debug|x64.ActiveCfg = Debug|x64
		{98D6AE72-22F4-4498-ACE5-21AD0B4ABF0A}.Debug|x64.Build.0 = Debug|x64
		{98D6AE72-22F4-4498-ACE5-21AD0B4ABF0A}.Debug|x86.ActiveCfg = Debug|Win32
		{98D6AE72-22F4-4498-ACE5-21AD0B4ABF0A}.Debug|x86.Build.0 = Debug|Win32
		{98D6AE72-22F4-4498-ACE5-21AD0B4ABF0A}.MinSizeRel|x64.ActiveCfg = Release-expl|x64
		{98D6AE72-22F4-4498-ACE5-21AD0B4ABF0A}.MinSizeRel|x64.Build.0 = Release-expl|x64
		{98D6AE72-22F4-4498-ACE5-21AD0B4ABF0A}.MinSizeRel|x86.ActiveCfg = Debug|Win32
		{98D6AE72-22F4-4498-ACE5-21AD0B4ABF0A}.MinSizeRel|x86.Build.0 = Debug|Win32
		{98D6AE72-22F4-4498-ACE5-21AD0B4ABF0A}.Release|x64.ActiveCfg = Release|x64
		{98D6AE72-22F4-4498-ACE5-21AD0B4ABF0A}.Release|x64.Build.0 = Release|x64
		{98D6AE72-22F4-4498-ACE5-21AD0B4ABF0A}.Release|x86.ActiveCfg = Release|Win32
		{98D6AE72-22F4-4498-ACE5-21AD0B4ABF0A}.Release|x86.Build.0 = Release|Win32
		{98D6AE72-22F4-4498-ACE5-21AD0B4ABF0A}.Release-expl|x64.ActiveCfg = Release-expl|x64
		{98D6AE72-22F4-4498-ACE5-21AD0B4ABF0A}.Release-expl|x64.Build.0 = Release-expl|x64
		{98D6AE72-22F4-4498-ACE5-21AD0B4ABF0A}.Release-expl|x86.ActiveCfg = Release-expl|Win32
		{98D6AE72-22F4-4498-ACE5-21AD0B4ABF0A}.Release-expl|x86.Build.0 = Release-expl|Win32
		{98D6AE72-22F4-4498-ACE5-21AD0B4ABF0A}.RelWithDebInfo|x64.ActiveCfg = Release-expl|x64
		{98D6AE72-22F4-4498-ACE5-21AD0B4ABF0A}.RelWithDebInfo|x64.Build.0 = Release-expl|x64
		{98D6AE72-22F4-4498-ACE5-21AD0B4ABF0A}.RelWithDebInfo|x86.ActiveCfg = Release-expl|Win32
		{98D6AE72-22F4-4498-ACE5-21AD0B4ABF0A}.RelWithDebInfo|x86.Build.0 = Release-expl|Win32
		{1500663A-E20C-4AB8-B3AA-78A2CAE43D86}.Debug|x64.ActiveCfg = Debug|x64
		{1500663A-E20C-4AB8-B3AA-78A2CAE43D86}.Debug|x64.Build.0 = Debug|x64
		{1500663A-E20C-4AB8-B3AA-78A2CAE43D86}.Debug|x86.ActiveCfg = Debug|Win32
		{1500663A-E20C-4AB8-B3AA-78A2CAE43D86}.Debug|x86.Build.0 = Debug|Win32
		{1500663A-E20C-4AB8-B3AA-78A2CAE43D86}.MinSizeRel|x64.ActiveCfg = Release-expl|x64
		{1500663A-E20C-4AB8-B3AA-78A2CAE43D86}.MinSizeRel|x64.Build.0 = Release-expl|x64
		{1500663A-E20C-4AB8-B3AA-78A2CAE43D86}.MinSizeRel|x86.ActiveCfg = Debug|Win32
		{1500663A-E20C-4AB8-B3AA-78A2CAE43D86}.MinSizeRel|x86.Build.0 = Debug|Win32
		{1500663A-E20C-4AB8-B3AA-78A2CAE43D86}.Release|x64.ActiveCfg = Release|x64
		{1500663A-E20C-4AB8-B3AA-78A2CAE43D86}.Release|x64.Build.0 = Release|x64
		{1500663A-E20C-4AB8-B3AA-78A2CAE43D86}.Release|x86.ActiveCfg = Release|Win32
		{1500663A-E20C-4AB8-B3AA-78A2CAE43D86}.Release|x86.Build.0 = Release|Win32
		{1500663A-E20C-4AB8-B3AA-78A2CAE43D86}.Release-expl|x64.ActiveCfg = Release-expl|x64
		{1500663A-E20C-4AB8-B3AA-78A2CAE43D86}.Release-expl|x64.Build.0 = Release-expl|x64
		{1500663A-E20C-4AB8-B3AA-78A2CAE43D86}.Release-expl|x86.ActiveCfg = Release-expl|Win32
		{1500663A-E20C-4AB8-B3AA-78A2CAE43D86}.Release-expl|x86.Build.0 = Release-expl|Win32
		{1500663A-E20C-4AB8-B3AA-78A2CAE43D86}.RelWithDebInfo|x64.ActiveCfg = Release-expl|x64
		{1500663A-E20C-4AB8-B3AA-78A2CAE43D86}.RelWithDebInfo|x64.Build.0 = Release-expl|x64
		{1500663A-E20C-4AB8-B3AA-78A2CAE43D86}.RelWithDebInfo|x86.ActiveCfg = Release-expl|Win32
		{1500663A-E20C-4AB8-B3AA-78A2CAE43D86}.RelWithDebInfo|x86.Build.0 = Release-expl|Win32
		{FFDD1C2C-9699-44B5-825C-E56EB6274546}.Debug|x64.ActiveCfg = Debug|x64
		{FFDD1C2C-9699-44B5-825C-E56EB6274546}.Debug|x64.Build.0 = Debug|x64
		{FFDD1C2C-9699-44B5-825C-E56EB6274546}.Debug|x86.ActiveCfg = Debug|Win32
		{FFDD1C2C-9699-44B5-825C-E56EB6274546}.Debug|x86.Build.0 = Debug|Win32
		{FFDD1C2C-9699-44B5-825C-E56EB6274546}.MinSizeRel|x64.ActiveCfg = Release-expl|x64
		{FFDD1C2C-9699-44B5-825C-E56EB6274546}.MinSizeRel|x64.Build.0 = Release-expl|x64
		{FFDD1C2C-9699-44B5-825C-E56EB6274546}.MinSizeRel|x86.ActiveCfg = Debug|Win32
		{FFDD1C2C-9699-44B5-825C-E56EB6274546}.MinSizeRel|x86.Build.0 = Debug|Win32
		{FFDD1C2C-9699-44B5-825C-E56EB6274546}.Release|x64.ActiveCfg = Release|x64
		{FFDD1C2C-9699-44B5-825C-E56EB6274546}.Release|x64.Build.0 = Release|x64
		{FFDD1C2C-9699-44B5-825C-E56EB6274546}.Release|x86.ActiveCfg = Release|Win32
		{FFDD1C2C-9699-44B5-825C-E56EB6274546}.Release|x86.Build.0 = Release|Win32
		{FFDD1C2C-9699-44B5-825C-E56EB6274546}.Release-expl|x64.ActiveCfg = Release-expl|x64
		{FFDD1C2C-9699-44B5-825C-E56EB6274546}.Release-expl|x64.Build.0 = Release-expl|x64
		{FFDD1C2C-9699-44B5-825C-E56EB6274546}.Release-expl|x86.ActiveCfg = Release-expl|Win32
		{FFDD1C2C-9699-44B5-825C-E56EB6274546}.Release-expl|x86.Build.0 = Release-expl|Win32
		{FFDD1C2C-9699-44B5-825C-E56EB6274546}.RelWithDebInfo|x64.ActiveCfg = Release-expl|x64
		{FFDD1C2C-9699-44B5-825C-E56EB6274546}.RelWithDebInfo|x64.Build.0 = Release-expl|x64
		{FFDD1C2C-9699-44B5-825C-E56EB6274546}.RelWithDebInfo|x86.ActiveCfg = Release-expl|Win32
		{FFDD1C2C-9699-44B5-825C-E56EB6274546}.RelWithDebInfo|x86.Build.0 = Release-expl|Win32
		{7EA2E75D-25EC-482F-B57D-BA08E085E1CF}.Debug|x64.ActiveCfg = Debug|x64
		{7EA2E75D-25EC-482F-B57D-BA08E085E1CF}.Debug|x64.Build.0 = Debug|x64
		{7EA2E75D-25EC-482F-B57D-BA08E085E1CF}.Debug|x86.ActiveCfg = Debug|Win32
		{7EA2E75D-25EC-482F-B57D-BA08E085E1CF}.Debug|x86.Build.0 = Debug|Win32
		{7EA2E75D-25EC-482F-B57D-BA08E085E1CF}.MinSizeRel|x64.ActiveCfg = Release-expl|x64
		{7EA2E75D-25EC-482F-B57D-BA08E085E1CF}.MinSizeRel|x64.Build.0 = Release-expl|x64
		{7EA2E75D-25EC-482F-B57D-BA08E085E1CF}.MinSizeRel|x86.ActiveCfg = Debug|Win32
		{7EA2E75D-25EC-482F-B57D-BA08E085E1CF}.MinSizeRel|x86.Build.0 = Debug|Win32
		{7EA2E75D-25EC-482F-B57D-BA08E085E1CF}.Release|x64.ActiveCfg = Release|x64
		{7EA2E75D-25EC-482F-B57D-BA08E085E1CF}.Release|x64.Build.0 = Release|x64
		{7EA2E75D-25EC-482F-B57D-BA08E085E1CF}.Release|x86.ActiveCfg = Release|Win32
		{7EA2E75D-25EC-482F-B57D-BA08E085E1CF}.Release|x86.Build.0 = Release|Win32
		{7EA2E75D-25EC-482F-B57D-BA08E085E1CF}.Release-expl|x64.ActiveCfg = Release-expl|x64
		{7EA2E75D-25EC-482F-B57D-BA08E085E1CF}.Release-expl|x64.Build.0 = Release-expl|x64
		{7EA2E75D-25EC-482F-B57D-BA08E085E1CF}.Release-expl|x86.ActiveCfg = Release-expl|Win32
		{7EA2E75D-25EC-482F-B57D-BA08E085E1CF}.Release-expl|x86.Build.0 = Release-expl|Win32
		{7EA2E75D-25EC-482F-B57D-BA08E085E1CF}.RelWithDebInfo|x64.ActiveCfg = Release-expl|x64
		{7EA2E75D-25EC-482F-B57D-BA08E085E1CF}.RelWithDebInfo|x64.Build.0 = Release-expl|x64
		{7EA2E75D-25EC-482F-B57D-BA08E085E1CF}.RelWithDebInfo|x86.ActiveCfg = Release-expl|Win32
		{7EA2E75D-25EC-482F-B57D-BA08E085E1CF}.RelWithDebInfo|x86.Build.0 = Release-expl|Win32
		{3DEC959D-9484-4BB6-819C-2A8074EA3600}.Debug|x64.ActiveCfg = Debug|x64
		{3DEC959D-9484-4BB6-819C-2A8074EA3600}.Debug|x64.Build.0 = Debug|x64
		{3DEC959D-9484-4BB6-819C-2A8074EA3600}.Debug|x86.ActiveCfg = Debug|Win32
		{3DEC959D-9484-4BB6-819C-2A8074EA3600}.Debug|x86.Build.0 = Debug|Win32
		{3DEC959D-9484-4BB6-819C-2A8074EA3600}.MinSizeRel|x64.ActiveCfg = Release-expl|x64
		{3DEC959D-9484-4BB6-819C-2A8074EA3600}.MinSizeRel|x64.Build.0 = Release-expl|x64
		{3DEC959D-9484-4BB6-819C-2A8074EA3600}.MinSizeRel|x86.ActiveCfg = Debug|Win32
		{3DEC959D-9484-4BB6-819C-2A8074EA3600}.MinSizeRel|x86.Build.0 = Debug|Win32
		{3DEC959D-9484-4BB6-819C-2A8074EA3600}.Release|x64.ActiveCfg = Release|x64
		{3DEC959D-9484-4BB6-819C-2A8074EA3600}.Release|x64.Build.0 = Release|x64
		{3DEC959D-9484-4BB6-819C-2A8074EA3600}.Release|x86.ActiveCfg = Release|Win32
		{3DEC959D-9484-4BB6-819C-2A8074EA3600}.Release|x86.Build.0 = Release|Win32
		{3DEC959D-9484-4BB6-819C-2A8074EA3600}.Release-expl|x64.ActiveCfg = Release-expl|x64
		{3DEC959D-9484-4BB6-819C-2A8074EA3600}.Release-expl|x64.Build.0 = Release-expl|x64
		{3DEC959D-9484-4BB6-819C-2A8074EA3600}.Release-expl|x86.ActiveCfg = Release-expl|Win32
		{3DEC959D-9484-4BB6-819C-2A8074EA3600}.Release-expl|x86.Build.0 = Release-expl|Win32
		{3DEC959D-9484-4BB6-819C-2A8074EA3600}.RelWithDebInfo|x64.ActiveCfg = Release-expl|x64
		{3DEC959D-9484-4BB6-819C-2A8074EA3600}.RelWithDebInfo|x64.Build.0 = Release-expl|x64
		{3DEC959D-9484-4BB6-819C-2A8074EA3600}.RelWithDebInfo|x86.ActiveCfg = Release-expl|Win32
		{3DEC959D-9484-4BB6-819C-2A8074EA3600}.RelWithDebInfo|x86.Build.0 = Release-expl|Win32
		{664E6F0D-6784-4760-9565-D54F8EB1EDF4}.Debug|x64.ActiveCfg = Debug|x64
		{664E6F0D-6784-4760-9565-D54F8EB1EDF4}.Debug|x64.Build.0 = Debug|x64
		{664E6F0D-6784-4760-9565-D54F8EB1EDF4}.Debug|x86.ActiveCfg = Debug|Win32
		{664E6F0D-6784-4760-9565-D54F8EB1EDF4}.Debug|x86.Build.0 = Debug|Win32
		{664E6F0D-6784-4760-9565-D54F8EB1EDF4}.MinSizeRel|x64.ActiveCfg = Debug|x64
		{664E6F0D-6784-4760-9565-D54F8EB1EDF4}.MinSizeRel|x64.Build.0 = Debug|x64
		{664E6F0D-6784-4760-9565-D54F8EB1EDF4}.MinSizeRel|x86.ActiveCfg = Debug|Win32
		{664E6F0D-6784-4760-9565-D54F8EB1EDF4}.MinSizeRel|x86.Build.0 = Debug|Win32
		{664E6F0D-6784-4760-9565-D54F8EB1EDF4}.Release|x64.ActiveCfg = Release|x64
		{664E6F0D-6784-4760-9565-D54F8EB1EDF4}.Release|x64.Build.0 = Release|x64
		{664E6F0D-6784-4760-9565-D54F8EB1EDF4}.Release|x86.ActiveCfg = Release|Win32
		{664E6F0D-6784-4760-9565-D54F8EB1EDF4}.Release|x86.Build.0 = Release|Win32
		{664E6F0D-6784-4760-9565-D54F8EB1EDF4}.Release-expl|x64.ActiveCfg = Release|x64
		{664E6F0D-6784-4760-9565-D54F8EB1EDF4}.Release-expl|x64.Build.0 = Release|x64
		{664E6F0D-6784-4760-9565-D54F8EB1EDF4}.Release-expl|x86.ActiveCfg = Release|Win32
		{664E6F0D-6784-4760-9565-D54F8EB1EDF4}.Release-expl|x86.Build.0 = Release|Win32
		{664E6F0D-6784-4760-9565-D54F8EB1EDF4}.RelWithDebInfo|x64.ActiveCfg = Debug|x64
		{664E6F0D-6784-4760-9565-D54F8EB1EDF4}.RelWithDebInfo|x64.Build.0 = Debug|x64
		{664E6F0D-6784-4760-9565-D54F8EB1EDF4}.RelWithDebInfo|x86.ActiveCfg = Release|Win32
		{664E6F0D-6784-4760-9565-D54F8EB1EDF4}.RelWithDebInfo|x86.Build.0 = Release|Win32
		{55AE3D72-7DE6-F19F-AEF2-9AE8CA26CF3D}.Debug|x64.ActiveCfg = Debug|x64
		{55AE3D72-7DE6-F19F-AEF2-9AE8CA26CF3D}.Debug|x64.Build.0 = Debug|x64
		{55AE3D72-7DE6-F19F-AEF2-9AE8CA26CF3D}.Debug|x86.ActiveCfg = Debug|Win32
		{55AE3D72-7DE6-F19F-AEF2-9AE8CA26CF3D}.Debug|x86.Build.0 = Debug|Win32
		{55AE3D72-7DE6-F19F-AEF2-9AE8CA26CF3D}.MinSizeRel|x64.ActiveCfg = Debug|x64
		{55AE3D72-7DE6-F19F-AEF2-9AE8CA26CF3D}.MinSizeRel|x64.Build.0 = Debug|x64
		{55AE3D72-7DE6-F19F-AEF2-9AE8CA26CF3D}.MinSizeRel|x86.ActiveCfg = Debug|Win32
		{55AE3D72-7DE6-F19F-AEF2-9AE8CA26CF3D}.MinSizeRel|x86.Build.0 = Debug|Win32
		{55AE3D72-7DE6-F19F-AEF2-9AE8CA26CF3D}.Release|x64.ActiveCfg = Release|x64
		{55AE3D72-7DE6-F19F-AEF2-9AE8CA26CF3D}.Release|x64.Build.0 = Release|x64
		{55AE3D72-7DE6-F19F-AEF2-9AE8CA26CF3D}.Release|x86.ActiveCfg = Release|Win32
		{55AE3D72-7DE6-F19F-AEF2-9AE8CA26CF3D}.Release|x86.Build.0 = Release|Win32
		{55AE3D72-7DE6-F19F-AEF2-9AE8CA26CF3D}.Release-expl|x64.ActiveCfg = Release|x64
		{55AE3D72-7DE6-F19F-AEF2-9AE8CA26CF3D}.Release-expl|x64.Build.0 = Release|x64
		{55AE3D72-7DE6-F19F-AEF2-9AE8CA26CF3D}.Release-expl|x86.ActiveCfg = Release|Win32
		{55AE3D72-7DE6-F19F-AEF2-9AE8CA26CF3D}.Release-expl|x86.Build.0 = Release|Win32
		{55AE3D72-7DE6-F19F-AEF2-9AE8CA26CF3D}.RelWithDebInfo|x64.ActiveCfg = Release|x64
		{55AE3D72-7DE6-F19F-AEF2-9AE8CA26CF3D}.RelWithDebInfo|x64.Build.0 = Release|x64
		{55AE3D72-7DE6-F19F-AEF2-9AE8CA26CF3D}.RelWithDebInfo|x86.ActiveCfg = Release|Win32
		{55AE3D72-7DE6-F19F-AEF2-9AE8CA26CF3D}.RelWithDebInfo|x86.Build.0 = Release|Win32
		{8EFB5DCB-C0C4-1670-5938-A0E0F1A1C5EA}.Debug|x64.ActiveCfg = Debug|x64
		{8EFB5DCB-C0C4-1670-5938-A0E0F1A1C5EA}.Debug|x64.Build.0 = Debug|x64
		{8EFB5DCB-C0C4-1670-5938-A0E0F1A1C5EA}.Debug|x86.ActiveCfg = Debug|Win32
		{8EFB5DCB-C0C4-1670-5938-A0E0F1A1C5EA}.Debug|x86.Build.0 = Debug|Win32
		{8EFB5DCB-C0C4-1670-5938-A0E0F1A1C5EA}.MinSizeRel|x64.ActiveCfg = Debug|x64
		{8EFB5DCB-C0C4-1670-5938-A0E0F1A1C5EA}.MinSizeRel|x64.Build.0 = Debug|x64
		{8EFB5DCB-C0C4-1670-5938-A0E0F1A1C5EA}.MinSizeRel|x86.ActiveCfg = Debug|Win32
		{8EFB5DCB-C0C4-1670-5938-A0E0F1A1C5EA}.MinSizeRel|x86.Build.0 = Debug|Win32
		{8EFB5DCB-C0C4-1670-5938-A0E0F1A1C5EA}.Release|x64.ActiveCfg = Release|x64
		{8EFB5DCB-C0C4-1670-5938-A0E0F1A1C5EA}.Release|x64.Build.0 = Release|x64
		{8EFB5DCB-C0C4-1670-5938-A0E0F1A1C5EA}.Release|x86.ActiveCfg = Release|Win32
		{8EFB5DCB-C0C4-1670-5938-A0E0F1A1C5EA}.Release|x86.Build.0 = Release|Win32
		{8EFB5DCB-C0C4-1670-5938-A0E0F1A1C5EA}.Release-expl|x64.ActiveCfg = Release|x64
		{8EFB5DCB-C0C4-1670-5938-A0E0F1A1C5EA}.Release-expl|x64.Build.0 = Release|x64
		{8EFB5DCB-C0C4-1670-5938-A0E0F1A1C5EA}.Release-expl|x86.ActiveCfg = Release|Win32
		{8EFB5DCB-C0C4-1670-5938-A0E0F1A1C5EA}.Release-expl|x86.Build.0 = Release|Win32
		{8EFB5DCB-C0C4-1670-5938-A0E0F1A1C5EA}.RelWithDebInfo|x64.ActiveCfg = Release|x64
		{8EFB5DCB-C0C4-1670-5938-A0E0F1A1C5EA}.RelWithDebInfo|x64.Build.0 = Release|x64
		{8EFB5DCB-C0C4-1670-5938-A0E0F1A1C5EA}.RelWithDebInfo|x86.ActiveCfg = Release|Win32
		{8EFB5DCB-C0C4-1670-5938-A0E0F1A1C5EA}.RelWithDebInfo|x86.Build.0 = Release|Win32
		{79AA8443-86F4-649A-0BEB-0CB5E51B7D7E}.Debug|x64.ActiveCfg = Debug|x64
		{79AA8443-86F4-649A-0BEB-0CB5E51B7D7E}.Debug|x64.Build.0 = Debug|x64
		{79AA8443-86F4-649A-0BEB-0CB5E51B7D7E}.Debug|x86.ActiveCfg = Debug|Win32
		{79AA8443-86F4-649A-0BEB-0CB5E51B7D7E}.Debug|x86.Build.0 = Debug|Win32
		{79AA8443-86F4-649A-0BEB-0CB5E51B7D7E}.MinSizeRel|x64.ActiveCfg = Debug|x64
		{79AA8443-86F4-649A-0BEB-0CB5E51B7D7E}.MinSizeRel|x64.Build.0 = Debug|x64
		{79AA8443-86F4-649A-0BEB-0CB5E51B7D7E}.MinSizeRel|x86.ActiveCfg = Debug|Win32
		{79AA8443-86F4-649A-0BEB-0CB5E51B7D7E}.MinSizeRel|x86.Build.0 = Debug|Win32
		{79AA8443-86F4-649A-0BEB-0CB5E51B7D7E}.Release|x64.ActiveCfg = Release|x64
		{79AA8443-86F4-649A-0BEB-0CB5E51B7D7E}.Release|x64.Build.0 = Release|x64
		{79AA8443-86F4-649A-0BEB-0CB5E51B7D7E}.Release|x86.ActiveCfg = Release|Win32
		{79AA8443-86F4-649A-0BEB-0CB5E51B7D7E}.Release|x86.Build.0 = Release|Win32
		{79AA8443-86F4-649A-0BEB-0CB5E51B7D7E}.Release-expl|x64.ActiveCfg = Release|x64
		{79AA8443-86F4-649A-0BEB-0CB5E51B7D7E}.Release-expl|x64.Build.0 = Release|x64
		{79AA8443-86F4-649A-0BEB-0CB5E51B7D7E}.Release-expl|x86.ActiveCfg = Release|Win32
		{79AA8443-86F4-649A-0BEB-0CB5E51B7D7E}.Release-expl|x86.Build.0 = Release|Win32
		{79AA8443-86F4-649A-0BEB-0CB5E51B7D7E}.RelWithDebInfo|x64.ActiveCfg = Release|x64
		{79AA8443-86F4-649A-0BEB-0CB5E51B7D7E}.RelWithDebInfo|x64.Build.0 = Release|x64
		{79AA8443-86F4-649A-0BEB-0CB5E51B7D7E}.RelWithDebInfo|x86.ActiveCfg = Release|Win32
		{79AA8443-86F4-649A-0BEB-0CB5E51B7D7E}.RelWithDebInfo|x86.Build.0 = Release|Win32
		{5B129A8B-38B4-4C86-A997-3D788809C08F}.Debug|x64.ActiveCfg = Debug|x64
		{5B129A8B-38B4-4C86-A997-3D788809C08F}.Debug|x64.Build.0 = Debug|x64
		{5B129A8B-38B4-4C86-A997-3D788809C08F}.Debug|x86.ActiveCfg = Debug|Win32
		{5B129A8B-38B4-4C86-A997-3D788809C08F}.Debug|x86.Build.0 = Debug|Win32
		{5B129A8B-38B4-4C86-A997-3D788809C08F}.MinSizeRel|x64.ActiveCfg = Release-expl|x64
		{5B129A8B-38B4-4C86-A997-3D788809C08F}.MinSizeRel|x64.Build.0 = Release-expl|x64
		{5B129A8B-38B4-4C86-A997-3D788809C08F}.MinSizeRel|x86.ActiveCfg = Debug|Win32
		{5B129A8B-38B4-4C86-A997-3D788809C08F}.MinSizeRel|x86.Build.0 = Debug|Win32
		{5B129A8B-38B4-4C86-A997-3D788809C08F}.Release|x64.ActiveCfg = Release|x64
		{5B129A8B-38B4-4C86-A997-3D788809C08F}.Release|x64.Build.0 = Release|x64
		{5B129A8B-38B4-4C86-A997-3D788809C08F}.Release|x86.ActiveCfg = Release|Win32
		{5B129A8B-38B4-4C86-A997-3D788809C08F}.Release|x86.Build.0 = Release|Win32
		{5B129A8B-38B4-4C86-A997-3D788809C08F}.Release-expl|x64.ActiveCfg = Release-expl|x64
		{5B129A8B-38B4-4C86-A997-3D788809C08F}.Release-expl|x64.Build.0 = Release-expl|x64
		{5B129A8B-38B4-4C86-A997-3D788809C08F}.Release-expl|x86.ActiveCfg = Release-expl|Win32
		{5B129A8B-38B4-4C86-A997-3D788809C08F}.Release-expl|x86.Build.0 = Release-expl|Win32
		{5B129A8B-38B4-4C86-A997-3D788809C08F}.RelWithDebInfo|x64.ActiveCfg = Release-expl|x64
		{5B129A8B-38B4-4C86-A997-3D788809C08F}.RelWithDebInfo|x64.Build.0 = Release-expl|x64
		{5B129A8B-38B4-4C86-A997-3D788809C08F}.RelWithDebInfo|x86.ActiveCfg = Release-expl|Win32
		{5B129A8B-38B4-4C86-A997-3D788809C08F}.RelWithDebInfo|x86.Build.0 = Release-expl|Win32
		{4FEB32B5-CD61-4D66-93E7-473DA0FC5EC5}.Debug|x64.ActiveCfg = Debug|x64
		{4FEB32B5-CD61-4D66-93E7-473DA0FC5EC5}.Debug|x64.Build.0 = Debug|x64
		{4FEB32B5-CD61-4D66-93E7-473DA0FC5EC5}.Debug|x86.ActiveCfg = Debug|Win32
		{4FEB32B5-CD61-4D66-93E7-473DA0FC5EC5}.Debug|x86.Build.0 = Debug|Win32
		{4FEB32B5-CD61-4D66-93E7-473DA0FC5EC5}.MinSizeRel|x64.ActiveCfg = Debug|x64
		{4FEB32B5-CD61-4D66-93E7-473DA0FC5EC5}.MinSizeRel|x64.Build.0 = Debug|x64
		{4FEB32B5-CD61-4D66-93E7-473DA0FC5EC5}.MinSizeRel|x86.ActiveCfg = Release-expl|Win32
		{4FEB32B5-CD61-4D66-93E7-473DA0FC5EC5}.MinSizeRel|x86.Build.0 = Release-expl|Win32
		{4FEB32B5-CD61-4D66-93E7-473DA0FC5EC5}.Release|x64.ActiveCfg = Release|x64
		{4FEB32B5-CD61-4D66-93E7-473DA0FC5EC5}.Release|x64.Build.0 = Release|x64
		{4FEB32B5-CD61-4D66-93E7-473DA0FC5EC5}.Release|x86.ActiveCfg = Release|Win32
		{4FEB32B5-CD61-4D66-93E7-473DA0FC5EC5}.Release|x86.Build.0 = Release|Win32
		{4FEB32B5-CD61-4D66-93E7-473DA0FC5EC5}.Release-expl|x64.ActiveCfg = Release-expl|x64
		{4FEB32B5-CD61-4D66-93E7-473DA0FC5EC5}.Release-expl|x64.Build.0 = Release-expl|x64
		{4FEB32B5-CD61-4D66-93E7-473DA0FC5EC5}.Release-expl|x86.ActiveCfg = Release-expl|Win32
		{4FEB32B5-CD61-4D66-93E7-473DA0FC5EC5}.Release-expl|x86.Build.0 = Release-expl|Win32
		{4FEB32B5-CD61-4D66-93E7-473DA0FC5EC5}.RelWithDebInfo|x64.ActiveCfg = Release-expl|x64
		{4FEB32B5-CD61-4D66-93E7-473DA0FC5EC5}.RelWithDebInfo|x64.Build.0 = Release-expl|x64
		{4FEB32B5-CD61-4D66-93E7-473DA0FC5EC5}.RelWithDebInfo|x86.ActiveCfg = Release-expl|Win32
		{4FEB32B5-CD61-4D66-93E7-473DA0FC5EC5}.RelWithDebInfo|x86.Build.0 = Release-expl|Win32
		{6E225D12-1C66-4A38-BEE5-71C4DBEC0521}.Debug|x64.ActiveCfg = Debug|x64
		{6E225D12-1C66-4A38-BEE5-71C4DBEC0521}.Debug|x64.Build.0 = Debug|x64
		{6E225D12-1C66-4A38-BEE5-71C4DBEC0521}.Debug|x86.ActiveCfg = Debug|Win32
		{6E225D12-1C66-4A38-BEE5-71C4DBEC0521}.Debug|x86.Build.0 = Debug|Win32
		{6E225D12-1C66-4A38-BEE5-71C4DBEC0521}.MinSizeRel|x64.ActiveCfg = Debug|x64
		{6E225D12-1C66-4A38-BEE5-71C4DBEC0521}.MinSizeRel|x64.Build.0 = Debug|x64
		{6E225D12-1C66-4A38-BEE5-71C4DBEC0521}.MinSizeRel|x86.ActiveCfg = Debug|Win32
		{6E225D12-1C66-4A38-BEE5-71C4DBEC0521}.MinSizeRel|x86.Build.0 = Debug|Win32
		{6E225D12-1C66-4A38-BEE5-71C4DBEC0521}.Release|x64.ActiveCfg = Release|x64
		{6E225D12-1C66-4A38-BEE5-71C4DBEC0521}.Release|x64.Build.0 = Release|x64
		{6E225D12-1C66-4A38-BEE5-71C4DBEC0521}.Release|x86.ActiveCfg = Release|Win32
		{6E225D12-1C66-4A38-BEE5-71C4DBEC0521}.Release|x86.Build.0 = Release|Win32
		{6E225D12-1C66-4A38-BEE5-71C4DBEC0521}.Release-expl|x64.ActiveCfg = Release|x64
		{6E225D12-1C66-4A38-BEE5-71C4DBEC0521}.Release-expl|x64.Build.0 = Release|x64
		{6E225D12-1C66-4A38-BEE5-71C4DBEC0521}.Release-expl|x86.ActiveCfg = Release|Win32
		{6E225D12-1C66-4A38-BEE5-71C4DBEC0521}.Release-expl|x86.Build.0 = Release|Win32
		{6E225D12-1C66-4A38-BEE5-71C4DBEC0521}.RelWithDebInfo|x64.ActiveCfg = Release|x64
		{6E225D12-1C66-4A38-BEE5-71C4DBEC0521}.RelWithDebInfo|x64.Build.0 = Release|x64
		{6E225D12-1C66-4A38-BEE5-71C4DBEC0521}.RelWithDebInfo|x86.ActiveCfg = Release|Win32
		{6E225D12-1C66-4A38-BEE5-71C4DBEC0521}.RelWithDebInfo|x86.Build.0 = Release|Win32
		{4B6805C4-25C2-43D2-8E5D-DDB426F75F8A}.Debug|x64.ActiveCfg = Debug|x64
		{4B6805C4-25C2-43D2-8E5D-DDB426F75F8A}.Debug|x64.Build.0 = Debug|x64
		{4B6805C4-25C2-43D2-8E5D-DDB426F75F8A}.Debug|x86.ActiveCfg = Debug|Win32
		{4B6805C4-25C2-43D2-8E5D-DDB426F75F8A}.Debug|x86.Build.0 = Debug|Win32
		{4B6805C4-25C2-43D2-8E5D-DDB426F75F8A}.MinSizeRel|x64.ActiveCfg = Release-expl|x64
		{4B6805C4-25C2-43D2-8E5D-DDB426F75F8A}.MinSizeRel|x64.Build.0 = Release-expl|x64
		{4B6805C4-25C2-43D2-8E5D-DDB426F75F8A}.MinSizeRel|x86.ActiveCfg = Debug|Win32
		{4B6805C4-25C2-43D2-8E5D-DDB426F75F8A}.MinSizeRel|x86.Build.0 = Debug|Win32
		{4B6805C4-25C2-43D2-8E5D-DDB426F75F8A}.Release|x64.ActiveCfg = Release|x64
		{4B6805C4-25C2-43D2-8E5D-DDB426F75F8A}.Release|x64.Build.0 = Release|x64
		{4B6805C4-25C2-43D2-8E5D-DDB426F75F8A}.Release|x86.ActiveCfg = Release|Win32
		{4B6805C4-25C2-43D2-8E5D-DDB426F75F8A}.Release|x86.Build.0 = Release|Win32
		{4B6805C4-25C2-43D2-8E5D-DDB426F75F8A}.Release-expl|x64.ActiveCfg = Release-expl|x64
		{4B6805C4-25C2-43D2-8E5D-DDB426F75F8A}.Release-expl|x64.Build.0 = Release-expl|x64
		{4B6805C4-25C2-43D2-8E5D-DDB426F75F8A}.Release-expl|x86.ActiveCfg = Release-expl|Win32
		{4B6805C4-25C2-43D2-8E5D-DDB426F75F8A}.Release-expl|x86.Build.0 = Release-expl|Win32
		{4B6805C4-25C2-43D2-8E5D-DDB426F75F8A}.RelWithDebInfo|x64.ActiveCfg = Release-expl|x64
		{4B6805C4-25C2-43D2-8E5D-DDB426F75F8A}.RelWithDebInfo|x64.Build.0 = Release-expl|x64
		{4B6805C4-25C2-43D2-8E5D-DDB426F75F8A}.RelWithDebInfo|x86.ActiveCfg = Release-expl|Win32
		{4B6805C4-25C2-43D2-8E5D-DDB426F75F8A}.RelWithDebInfo|x86.Build.0 = Release-expl|Win32
	EndGlobalSection
	GlobalSection(SolutionProperties) = preSolution
		HideSolutionNode = FALSE
	EndGlobalSection
	GlobalSection(NestedProjects) = preSolution
		{8FB23769-990F-3014-9D36-CD40B93CF151} = {0D5AEA70-2708-49A3-A161-1AE804CCAC25}
		{98D6AE72-22F4-4498-ACE5-21AD0B4ABF0A} = {73F11ACD-E15E-4DB5-B3DD-4A67AF1919F8}
		{1500663A-E20C-4AB8-B3AA-78A2CAE43D86} = {73F11ACD-E15E-4DB5-B3DD-4A67AF1919F8}
		{FFDD1C2C-9699-44B5-825C-E56EB6274546} = {73F11ACD-E15E-4DB5-B3DD-4A67AF1919F8}
		{7EA2E75D-25EC-482F-B57D-BA08E085E1CF} = {73F11ACD-E15E-4DB5-B3DD-4A67AF1919F8}
		{3DEC959D-9484-4BB6-819C-2A8074EA3600} = {73F11ACD-E15E-4DB5-B3DD-4A67AF1919F8}
		{664E6F0D-6784-4760-9565-D54F8EB1EDF4} = {0D5AEA70-2708-49A3-A161-1AE804CCAC25}
		{55AE3D72-7DE6-F19F-AEF2-9AE8CA26CF3D} = {0D5AEA70-2708-49A3-A161-1AE804CCAC25}
		{8EFB5DCB-C0C4-1670-5938-A0E0F1A1C5EA} = {0D5AEA70-2708-49A3-A161-1AE804CCAC25}
		{79AA8443-86F4-649A-0BEB-0CB5E51B7D7E} = {0D5AEA70-2708-49A3-A161-1AE804CCAC25}
		{5B129A8B-38B4-4C86-A997-3D788809C08F} = {1493282B-E6C9-4E50-9B71-49C90D07C148}
		{4FEB32B5-CD61-4D66-93E7-473DA0FC5EC5} = {1493282B-E6C9-4E50-9B71-49C90D07C148}
		{6E225D12-1C66-4A38-BEE5-71C4DBEC0521} = {1493282B-E6C9-4E50-9B71-49C90D07C148}
		{4B6805C4-25C2-43D2-8E5D-DDB426F75F8A} = {1493282B-E6C9-4E50-9B71-49C90D07C148}
	EndGlobalSection
	GlobalSection(ExtensibilityGlobals) = postSolution
		SolutionGuid = {CEA54EA0-BBAD-424D-9FBA-98ACF6760461}
	EndGlobalSection
EndGlobal
