<?xml version="1.0" encoding="utf-8"?>
<Project ToolsVersion="4.0" xmlns="http://schemas.microsoft.com/developer/msbuild/2003">
  <ItemGroup>
    <ClCompile Include="..\src\app.cpp">
      <Filter>src</Filter>
    </ClCompile>
    <ClCompile Include="..\src\entry.cpp">
      <Filter>src</Filter>
    </ClCompile>
    <ClCompile Include="..\src\app_gui.cpp">
      <Filter>src</Filter>
    </ClCompile>
    <ClCompile Include="..\src\strokes.cpp">
      <Filter>src</Filter>
    </ClCompile>
    <ClCompile Include="..\src\strokesobject.cpp">
      <Filter>src</Filter>
    </ClCompile>
  </ItemGroup>
  <ItemGroup>
    <ClInclude Include="..\inc\app.h">
      <Filter>inc</Filter>
    </ClInclude>
    <ClInclude Include="..\inc\strokes.h">
      <Filter>inc</Filter>
    </ClInclude>
    <ClInclude Include="resource.h">
      <Filter>rcs</Filter>
    </ClInclude>
    <ClInclude Include="..\inc\strokesobject.h">
      <Filter>inc</Filter>
    </ClInclude>
  </ItemGroup>
  <ItemGroup>
    <None Include="..\rsc\shaders\Texture.frag">
      <Filter>glsl</Filter>
    </None>
    <None Include="..\rsc\shaders\Texture.vert">
      <Filter>glsl</Filter>
    </None>
    <None Include="..\rsc\shaders\stroke.frag">
      <Filter>glsl</Filter>
    </None>
    <None Include="..\rsc\shaders\stroke.vert">
      <Filter>glsl</Filter>
    </None>
    <None Include="install.py">
      <Filter>build</Filter>
    </None>
  </ItemGroup>
  <ItemGroup>
    <Filter Include="inc">
      <UniqueIdentifier>{6e0cc477-e80e-4a2e-aad5-15ea56b37ed1}</UniqueIdentifier>
    </Filter>
    <Filter Include="rcs">
      <UniqueIdentifier>{e324e0aa-967a-44c2-8d00-6c7d5699badd}</UniqueIdentifier>
    </Filter>
    <Filter Include="src">
      <UniqueIdentifier>{6a3932c0-2989-4e51-9bbf-b13010e22ffa}</UniqueIdentifier>
    </Filter>
    <Filter Include="glsl">
      <UniqueIdentifier>{758315f2-9247-4e38-a3d6-ec1c52a03b56}</UniqueIdentifier>
    </Filter>
    <Filter Include="build">
      <UniqueIdentifier>{487a1bf6-c6f4-433c-9805-1aa634362903}</UniqueIdentifier>
    </Filter>
  </ItemGroup>
  <ItemGroup>
    <Image Include="..\rsc\icons\icon.ico">
      <Filter>rcs</Filter>
    </Image>
  </ItemGroup>
  <ItemGroup>
    <ResourceCompile Include="strokes.rc">
      <Filter>rcs</Filter>
    </ResourceCompile>
  </ItemGroup>
</Project>